
Microsoft Visual Studio Solution File, Format Version 12.00
# Visual Studio Version 17
VisualStudioVersion = 17.3.32825.248
MinimumVisualStudioVersion = 10.0.40219.1
Project("{9A19103F-16F7-4668-BE54-9A1E7A4F7556}") = "Advanced_Exam", "Advanced_Exam\Advanced_Exam.csproj", "{B717A758-BC37-4A68-BDD6-4F3C50D51402}"
EndProject
Project("{FAE04EC0-301F-11D3-BF4B-00C04F79EFBC}") = "Advanced_ExamTests", "Advanced_ExamTests\Advanced_ExamTests.csproj", "{59B09662-BE0C-411F-8434-5D3A92CEF539}"
EndProject
Global
	GlobalSection(SolutionConfigurationPlatforms) = preSolution
		Debug|Any CPU = Debug|Any CPU
		Release|Any CPU = Release|Any CPU
	EndGlobalSection
	GlobalSection(ProjectConfigurationPlatforms) = postSolution
		{B717A758-BC37-4A68-BDD6-4F3C50D51402}.Debug|Any CPU.ActiveCfg = Debug|Any CPU
		{B717A758-BC37-4A68-BDD6-4F3C50D51402}.Debug|Any CPU.Build.0 = Debug|Any CPU
		{B717A758-BC37-4A68-BDD6-4F3C50D51402}.Release|Any CPU.ActiveCfg = Release|Any CPU
		{B717A758-BC37-4A68-BDD6-4F3C50D51402}.Release|Any CPU.Build.0 = Release|Any CPU
		{59B09662-BE0C-411F-8434-5D3A92CEF539}.Debug|Any CPU.ActiveCfg = Debug|Any CPU
		{59B09662-BE0C-411F-8434-5D3A92CEF539}.Debug|Any CPU.Build.0 = Debug|Any CPU
		{59B09662-BE0C-411F-8434-5D3A92CEF539}.Release|Any CPU.ActiveCfg = Release|Any CPU
		{59B09662-BE0C-411F-8434-5D3A92CEF539}.Release|Any CPU.Build.0 = Release|Any CPU
	EndGlobalSection
	GlobalSection(SolutionProperties) = preSolution
		HideSolutionNode = FALSE
	EndGlobalSection
	GlobalSection(ExtensibilityGlobals) = postSolution
		SolutionGuid = {21D7C8C9-DB8B-488F-8AFC-C081CF82BC4E}
	EndGlobalSection
EndGlobal
